Microsoft Visual Studio Solution File, Format Version 12.00
# Visual Studio Version 17
VisualStudioVersion = 17.5.2.0
MinimumVisualStudioVersion = 10.0.40219.1
Project("{FAE04EC0-301F-11D3-BF4B-00C04F79EFBC}") = "GameVault", "GameVault.csproj", "{7CAD18E5-CA5A-0439-CD1F-300C0F9E8029}"
EndProject
Global
	GlobalSection(SolutionConfigurationPlatforms) = preSolution
		Debug|Any CPU = Debug|Any CPU
		Release|Any CPU = Release|Any CPU
	EndGlobalSection
	GlobalSection(ProjectConfigurationPlatforms) = postSolution
		{7CAD18E5-CA5A-0439-CD1F-300C0F9E8029}.Debug|Any CPU.ActiveCfg = Debug|Any CPU
		{7CAD18E5-CA5A-0439-CD1F-300C0F9E8029}.Debug|Any CPU.Build.0 = Debug|Any CPU
		{7CAD18E5-CA5A-0439-CD1F-300C0F9E8029}.Release|Any CPU.ActiveCfg = Release|Any CPU
		{7CAD18E5-CA5A-0439-CD1F-300C0F9E8029}.Release|Any CPU.Build.0 = Release|Any CPU
	EndGlobalSection
	GlobalSection(SolutionProperties) = preSolution
		HideSolutionNode = FALSE
	EndGlobalSection
	GlobalSection(ExtensibilityGlobals) = postSolution
		SolutionGuid = {14191AC2-EA38-49CE-9FAE-0C993F01444C}
	EndGlobalSection
EndGlobal
